
Microsoft Visual Studio Solution File, Format Version 12.00
# Visual Studio 15
VisualStudioVersion = 15.0.28307.168
MinimumVisualStudioVersion = 10.0.40219.1
Project("{FAE04EC0-301F-11D3-BF4B-00C04F79EFBC}") = "as_Emails", "as_Emails\as_Emails.csproj", "{F55609B9-1643-4A47-B2D1-BF81A81EC2B9}"
EndProject
Global
	GlobalSection(SolutionConfigurationPlatforms) = preSolution
		Debug|Any CPU = Debug|Any CPU
		Release|Any CPU = Release|Any CPU
	EndGlobalSection
	GlobalSection(ProjectConfigurationPlatforms) = postSolution
		{F55609B9-1643-4A47-B2D1-BF81A81EC2B9}.Debug|Any CPU.ActiveCfg = Debug|Any CPU
		{F55609B9-1643-4A47-B2D1-BF81A81EC2B9}.Debug|Any CPU.Build.0 = Debug|Any CPU
		{F55609B9-1643-4A47-B2D1-BF81A81EC2B9}.Release|Any CPU.ActiveCfg = Release|Any CPU
		{F55609B9-1643-4A47-B2D1-BF81A81EC2B9}.Release|Any CPU.Build.0 = Release|Any CPU
	EndGlobalSection
	GlobalSection(SolutionProperties) = preSolution
		HideSolutionNode = FALSE
	EndGlobalSection
	GlobalSection(ExtensibilityGlobals) = postSolution
		SolutionGuid = {2F23321C-CFC3-4BC8-B4E0-CE4EF3B7482A}
	EndGlobalSection
EndGlobal
